# This file is automatically @generated by Cargo.
# It is not intended for manual editing.
version = 4

[[package]]
name = "action-compiler-vm"
version = "0.1.0"
source = "git+https://github.com/mkur/action-compiler-vm.git?rev=cda432c11978bdef1a2c3de542915a67c799641a#cda432c11978bdef1a2c3de542915a67c799641a"

[[package]]
name = "actionc"
version = "0.1.0"
dependencies = [
 "atrcopy-rs",
]

[[package]]
name = "actionc-vm-runtime-tests"
version = "0.1.0"
dependencies = [
 "action-compiler-vm",
 "actionc",
]

[[package]]
name = "atrcopy-rs"
version = "0.1.0"
