# This file is automatically @generated by Cargo.
# It is not intended for manual editing.
version = 4

[[package]]
name = "actionc"
version = "0.1.0"
dependencies = [
 "atrcopy-rs",
]

[[package]]
name = "actionc-vm"
version = "0.1.0"
source = "git+https://github.com/mkur/actionc-vm.git?rev=21e99c2b3ea85b0b7e7312fd17aa1d6363e910fa#21e99c2b3ea85b0b7e7312fd17aa1d6363e910fa"

[[package]]
name = "actionc-vm-runtime-tests"
version = "0.1.0"
dependencies = [
 "actionc",
 "actionc-vm",
]

[[package]]
name = "atrcopy-rs"
version = "0.1.0"
