# This file is automatically @generated by Cargo.
# It is not intended for manual editing.
version = 4

[[package]]
name = "actionc"
version = "0.1.0"
dependencies = [
 "atrcopy-rs",
]

[[package]]
name = "actionc-vm"
version = "0.1.0"
source = "git+https://github.com/mkur/actionc-vm.git?rev=fc20136ac4f659e346b67ac5e849953fed4bc680#fc20136ac4f659e346b67ac5e849953fed4bc680"

[[package]]
name = "actionc-vm-runtime-tests"
version = "0.1.0"
dependencies = [
 "actionc",
 "actionc-vm",
]

[[package]]
name = "atrcopy-rs"
version = "0.1.0"
