# This file is automatically @generated by Cargo.
# It is not intended for manual editing.
version = 4

[[package]]
name = "actionc"
version = "0.1.0"
dependencies = [
 "atrcopy-rs",
]

[[package]]
name = "actionc-vm68k-tests"
version = "0.1.0"
dependencies = [
 "actionc",
 "r68k",
]

[[package]]
name = "atrcopy-rs"
version = "0.1.0"

[[package]]
name = "r68k"
version = "0.2.2"
source = "registry+https://github.com/rust-lang/crates.io-index"
checksum = "2c49adfe3298c8a853615220b70d5c60c9bd359ca66f277aa0ad399d65f678a8"
